
Microsoft Visual Studio Solution File, Format Version 12.00
# Visual Studio Version 16
VisualStudioVersion = 16.0.30804.86
MinimumVisualStudioVersion = 10.0.40219.1
Project("{FAE04EC0-301F-11D3-BF4B-00C04F79EFBC}") = "AutoInspexService", "AutoInspexService.csproj", "{6143684A-EAF0-492F-B88B-CACA5F07F676}"
EndProject
Global
	GlobalSection(SolutionConfigurationPlatforms) = preSolution
		Debug|Any CPU = Debug|Any CPU
		Release|Any CPU = Release|Any CPU
	EndGlobalSection
	GlobalSection(ProjectConfigurationPlatforms) = postSolution
		{6143684A-EAF0-492F-B88B-CACA5F07F676}.Debug|Any CPU.ActiveCfg = Debug|Any CPU
		{6143684A-EAF0-492F-B88B-CACA5F07F676}.Debug|Any CPU.Build.0 = Debug|Any CPU
		{6143684A-EAF0-492F-B88B-CACA5F07F676}.Release|Any CPU.ActiveCfg = Release|Any CPU
		{6143684A-EAF0-492F-B88B-CACA5F07F676}.Release|Any CPU.Build.0 = Release|Any CPU
	EndGlobalSection
	GlobalSection(SolutionProperties) = preSolution
		HideSolutionNode = FALSE
	EndGlobalSection
	GlobalSection(ExtensibilityGlobals) = postSolution
		SolutionGuid = {2CE08FC9-8841-48A3-BFEE-F2C0E63EA6D5}
	EndGlobalSection
EndGlobal
