
Microsoft Visual Studio Solution File, Format Version 12.00
# Visual Studio Version 16
VisualStudioVersion = 16.0.30804.86
MinimumVisualStudioVersion = 10.0.40219.1
Project("{FAE04EC0-301F-11D3-BF4B-00C04F79EFBC}") = "AutoInspexServerWindowsService", "AutoInspexServerWindowsService\AutoInspexServerWindowsService.csproj", "{A6EA9362-4A73-4FC1-B665-E28A1FCD1AB2}"
EndProject
Global
	GlobalSection(SolutionConfigurationPlatforms) = preSolution
		Debug|Any CPU = Debug|Any CPU
		Release|Any CPU = Release|Any CPU
	EndGlobalSection
	GlobalSection(ProjectConfigurationPlatforms) = postSolution
		{A6EA9362-4A73-4FC1-B665-E28A1FCD1AB2}.Debug|Any CPU.ActiveCfg = Debug|Any CPU
		{A6EA9362-4A73-4FC1-B665-E28A1FCD1AB2}.Debug|Any CPU.Build.0 = Debug|Any CPU
		{A6EA9362-4A73-4FC1-B665-E28A1FCD1AB2}.Release|Any CPU.ActiveCfg = Release|Any CPU
		{A6EA9362-4A73-4FC1-B665-E28A1FCD1AB2}.Release|Any CPU.Build.0 = Release|Any CPU
	EndGlobalSection
	GlobalSection(SolutionProperties) = preSolution
		HideSolutionNode = FALSE
	EndGlobalSection
	GlobalSection(ExtensibilityGlobals) = postSolution
		SolutionGuid = {E4B2F7C2-08B7-4D12-878A-FC7912371D93}
	EndGlobalSection
EndGlobal
